
Microsoft Visual Studio Solution File, Format Version 12.00
# Visual Studio 2013
VisualStudioVersion = 12.0.40629.0
MinimumVisualStudioVersion = 10.0.40219.1
Project("{E24C65DC-7377-472B-9ABA-BC803B73C61A}") = "NielsVrolijk.Web", "http://localhost:54585", "{EDDD9205-6051-4204-80C3-D4D3693C5E85}"
	ProjectSection(WebsiteProperties) = preProject
		UseIISExpress = "true"
		TargetFrameworkMoniker = ".NETFramework,Version%3Dv4.0"
		Debug.AspNetCompiler.VirtualPath = "/localhost_54585"
		Debug.AspNetCompiler.PhysicalPath = "NielsVrolijk.Web\"
		Debug.AspNetCompiler.TargetPath = "PrecompiledWeb\localhost_54585\"
		Debug.AspNetCompiler.Updateable = "true"
		Debug.AspNetCompiler.ForceOverwrite = "true"
		Debug.AspNetCompiler.FixedNames = "false"
		Debug.AspNetCompiler.Debug = "True"
		Release.AspNetCompiler.VirtualPath = "/localhost_54585"
		Release.AspNetCompiler.PhysicalPath = "NielsVrolijk.Web\"
		Release.AspNetCompiler.TargetPath = "PrecompiledWeb\localhost_54585\"
		Release.AspNetCompiler.Updateable = "true"
		Release.AspNetCompiler.ForceOverwrite = "true"
		Release.AspNetCompiler.FixedNames = "false"
		Release.AspNetCompiler.Debug = "False"
		SlnRelativePath = "NielsVrolijk.Web\"
	EndProjectSection
EndProject
Global
	GlobalSection(SolutionConfigurationPlatforms) = preSolution
		Debug|Any CPU = Debug|Any CPU
		Release|Any CPU = Release|Any CPU
	EndGlobalSection
	GlobalSection(ProjectConfigurationPlatforms) = postSolution
		{EDDD9205-6051-4204-80C3-D4D3693C5E85}.Debug|Any CPU.ActiveCfg = Debug|Any CPU
		{EDDD9205-6051-4204-80C3-D4D3693C5E85}.Debug|Any CPU.Build.0 = Debug|Any CPU
		{EDDD9205-6051-4204-80C3-D4D3693C5E85}.Release|Any CPU.ActiveCfg = Debug|Any CPU
		{EDDD9205-6051-4204-80C3-D4D3693C5E85}.Release|Any CPU.Build.0 = Debug|Any CPU
	EndGlobalSection
	GlobalSection(SolutionProperties) = preSolution
		HideSolutionNode = FALSE
	EndGlobalSection
EndGlobal
